
Microsoft Visual Studio Solution File, Format Version 12.00
# Visual Studio Version 17
VisualStudioVersion = 17.10.34928.147
MinimumVisualStudioVersion = 10.0.40219.1
Project("{FAE04EC0-301F-11D3-BF4B-00C04F79EFBC}") = "KalashnikovGroupWepApiApp", "KalashnikovGroupWepApiApp\KalashnikovGroupWepApiApp.csproj", "{4BB808CF-81F3-43CA-A16C-338E1F9789B3}"
EndProject
Global
	GlobalSection(SolutionConfigurationPlatforms) = preSolution
		Debug|Any CPU = Debug|Any CPU
		Release|Any CPU = Release|Any CPU
	EndGlobalSection
	GlobalSection(ProjectConfigurationPlatforms) = postSolution
		{4BB808CF-81F3-43CA-A16C-338E1F9789B3}.Debug|Any CPU.ActiveCfg = Debug|Any CPU
		{4BB808CF-81F3-43CA-A16C-338E1F9789B3}.Debug|Any CPU.Build.0 = Debug|Any CPU
		{4BB808CF-81F3-43CA-A16C-338E1F9789B3}.Release|Any CPU.ActiveCfg = Release|Any CPU
		{4BB808CF-81F3-43CA-A16C-338E1F9789B3}.Release|Any CPU.Build.0 = Release|Any CPU
	EndGlobalSection
	GlobalSection(SolutionProperties) = preSolution
		HideSolutionNode = FALSE
	EndGlobalSection
	GlobalSection(ExtensibilityGlobals) = postSolution
		SolutionGuid = {ED7F23D0-49F2-4EFE-9ED2-5E73EE6F7442}
	EndGlobalSection
EndGlobal
